// !$*UTF8*$!
{
	archiveVersion = 1;
	classes = {
	};
	objectVersion = 50;
	objects = {

/* Begin PBXBuildFile section */
		6E329D65255F696A00344AFC /* charleyrivers.jpg in Resources */ = {isa = PBXBuildFile; fileRef = 6E329D64255F696A00344AFC /* charleyrivers.jpg */; };
		6E329D75255F698D00344AFC /* silversalmoncreek.jpg in Resources */ = {isa = PBXBuildFile; fileRef = 6E329D68255F698C00344AFC /* silversalmoncreek.jpg */; };
		6E329D76255F698D00344AFC /* icybay.jpg in Resources */ = {isa = PBXBuildFile; fileRef = 6E329D69255F698C00344AFC /* icybay.jpg */; };
		6E329D77255F698D00344AFC /* umbagog.jpg in Resources */ = {isa = PBXBuildFile; fileRef = 6E329D6A255F698C00344AFC /* umbagog.jpg */; };
		6E329D78255F698D00344AFC /* twinlake.jpg in Resources */ = {isa = PBXBuildFile; fileRef = 6E329D6B255F698C00344AFC /* twinlake.jpg */; };
		6E329D79255F698D00344AFC /* hiddenlake.jpg in Resources */ = {isa = PBXBuildFile; fileRef = 6E329D6C255F698C00344AFC /* hiddenlake.jpg */; };
		6E329D7A255F698D00344AFC /* turtlerock.jpg in Resources */ = {isa = PBXBuildFile; fileRef = 6E329D6D255F698C00344AFC /* turtlerock.jpg */; };
		6E329D7B255F698D00344AFC /* rainbowlake.jpg in Resources */ = {isa = PBXBuildFile; fileRef = 6E329D6E255F698C00344AFC /* rainbowlake.jpg */; };
		6E329D7C255F698D00344AFC /* stmarylake.jpg in Resources */ = {isa = PBXBuildFile; fileRef = 6E329D6F255F698C00344AFC /* stmarylake.jpg */; };
		6E329D7D255F698D00344AFC /* landmarkData.json in Resources */ = {isa = PBXBuildFile; fileRef = 6E329D70255F698C00344AFC /* landmarkData.json */; };
		6E329D7E255F698D00344AFC /* lakemcdonald.jpg in Resources */ = {isa = PBXBuildFile; fileRef = 6E329D71255F698C00344AFC /* lakemcdonald.jpg */; };
		6E329D80255F698D00344AFC /* chilkoottrail.jpg in Resources */ = {isa = PBXBuildFile; fileRef = 6E329D73255F698C00344AFC /* chilkoottrail.jpg */; };
		6E329D81255F698D00344AFC /* chincoteague.jpg in Resources */ = {isa = PBXBuildFile; fileRef = 6E329D74255F698D00344AFC /* chincoteague.jpg */; };
		6E329D91255F69FC00344AFC /* Data.swift in Sources */ = {isa = PBXBuildFile; fileRef = 6E329D90255F69FC00344AFC /* Data.swift */; };
		6E7BDE73255D757700023C63 /* Landmark.swift in Sources */ = {isa = PBXBuildFile; fileRef = 6E7BDE72255D757700023C63 /* Landmark.swift */; };
		6E7BDE97255D7AA600023C63 /* LandmarkRow.swift in Sources */ = {isa = PBXBuildFile; fileRef = 6E7BDE96255D7AA600023C63 /* LandmarkRow.swift */; };
		6E7BDE9E255D7D1100023C63 /* LaunchScreen.storyboard in Resources */ = {isa = PBXBuildFile; fileRef = 6E7BDE9C255D7D1100023C63 /* LaunchScreen.storyboard */; };
		6E7BDEA1255D7EA100023C63 /* LandmarkList.swift in Sources */ = {isa = PBXBuildFile; fileRef = 6E7BDEA0255D7EA100023C63 /* LandmarkList.swift */; };
		6E7BDEA4255D8E8D00023C63 /* UserData.swift in Sources */ = {isa = PBXBuildFile; fileRef = 6E7BDEA3255D8E8D00023C63 /* UserData.swift */; };
		6E8F2CE0255D1FA200371D62 /* LandmarksApp.swift in Sources */ = {isa = PBXBuildFile; fileRef = 6E8F2CDF255D1FA200371D62 /* LandmarksApp.swift */; };
		6E8F2CE2255D1FA200371D62 /* LandmarkDetail.swift in Sources */ = {isa = PBXBuildFile; fileRef = 6E8F2CE1255D1FA200371D62 /* LandmarkDetail.swift */; };
		6E8F2CE4255D1FA400371D62 /* Assets.xcassets in Resources */ = {isa = PBXBuildFile; fileRef = 6E8F2CE3255D1FA400371D62 /* Assets.xcassets */; };
		6E8F2CE7255D1FA400371D62 /* Preview Assets.xcassets in Resources */ = {isa = PBXBuildFile; fileRef = 6E8F2CE6255D1FA400371D62 /* Preview Assets.xcassets */; };
		6E8F2CF7255D312000371D62 /* CircleImage.swift in Sources */ = {isa = PBXBuildFile; fileRef = 6E8F2CF6255D312000371D62 /* CircleImage.swift */; };
		6E8F2CFA255D313400371D62 /* MapView.swift in Sources */ = {isa = PBXBuildFile; fileRef = 6E8F2CF9255D313400371D62 /* MapView.swift */; };
/* End PBXBuildFile section */

/* Begin PBXFileReference section */
		6E329D64255F696A00344AFC /* charleyrivers.jpg */ = {isa = PBXFileReference; lastKnownFileType = image.jpeg; path = charleyrivers.jpg; sourceTree = "<group>"; };
		6E329D68255F698C00344AFC /* silversalmoncreek.jpg */ = {isa = PBXFileReference; lastKnownFileType = image.jpeg; path = silversalmoncreek.jpg; sourceTree = "<group>"; };
		6E329D69255F698C00344AFC /* icybay.jpg */ = {isa = PBXFileReference; lastKnownFileType = image.jpeg; path = icybay.jpg; sourceTree = "<group>"; };
		6E329D6A255F698C00344AFC /* umbagog.jpg */ = {isa = PBXFileReference; lastKnownFileType = image.jpeg; path = umbagog.jpg; sourceTree = "<group>"; };
		6E329D6B255F698C00344AFC /* twinlake.jpg */ = {isa = PBXFileReference; lastKnownFileType = image.jpeg; path = twinlake.jpg; sourceTree = "<group>"; };
		6E329D6C255F698C00344AFC /* hiddenlake.jpg */ = {isa = PBXFileReference; lastKnownFileType = image.jpeg; path = hiddenlake.jpg; sourceTree = "<group>"; };
		6E329D6D255F698C00344AFC /* turtlerock.jpg */ = {isa = PBXFileReference; lastKnownFileType = image.jpeg; path = turtlerock.jpg; sourceTree = "<group>"; };
		6E329D6E255F698C00344AFC /* rainbowlake.jpg */ = {isa = PBXFileReference; lastKnownFileType = image.jpeg; path = rainbowlake.jpg; sourceTree = "<group>"; };
		6E329D6F255F698C00344AFC /* stmarylake.jpg */ = {isa = PBXFileReference; lastKnownFileType = image.jpeg; path = stmarylake.jpg; sourceTree = "<group>"; };
		6E329D70255F698C00344AFC /* landmarkData.json */ = {isa = PBXFileReference; fileEncoding = 4; lastKnownFileType = text.json; path = landmarkData.json; sourceTree = "<group>"; };
		6E329D71255F698C00344AFC /* lakemcdonald.jpg */ = {isa = PBXFileReference; lastKnownFileType = image.jpeg; path = lakemcdonald.jpg; sourceTree = "<group>"; };
		6E329D73255F698C00344AFC /* chilkoottrail.jpg */ = {isa = PBXFileReference; lastKnownFileType = image.jpeg; path = chilkoottrail.jpg; sourceTree = "<group>"; };
		6E329D74255F698D00344AFC /* chincoteague.jpg */ = {isa = PBXFileReference; lastKnownFileType = image.jpeg; path = chincoteague.jpg; sourceTree = "<group>"; };
		6E329D90255F69FC00344AFC /* Data.swift */ = {isa = PBXFileReference; fileEncoding = 4; lastKnownFileType = sourcecode.swift; path = Data.swift; sourceTree = "<group>"; };
		6E7BDE72255D757700023C63 /* Landmark.swift */ = {isa = PBXFileReference; lastKnownFileType = sourcecode.swift; path = Landmark.swift; sourceTree = "<group>"; };
		6E7BDE96255D7AA600023C63 /* LandmarkRow.swift */ = {isa = PBXFileReference; lastKnownFileType = sourcecode.swift; path = LandmarkRow.swift; sourceTree = "<group>"; };
		6E7BDE9D255D7D1100023C63 /* Base */ = {isa = PBXFileReference; lastKnownFileType = file.storyboard; name = Base; path = ../../BuildingListsAndNavigation/StartingPoint/Landmarks/Landmarks/Base.lproj/LaunchScreen.storyboard; sourceTree = "<group>"; };
		6E7BDEA0255D7EA100023C63 /* LandmarkList.swift */ = {isa = PBXFileReference; lastKnownFileType = sourcecode.swift; path = LandmarkList.swift; sourceTree = "<group>"; };
		6E7BDEA3255D8E8D00023C63 /* UserData.swift */ = {isa = PBXFileReference; lastKnownFileType = sourcecode.swift; path = UserData.swift; sourceTree = "<group>"; };
		6E8F2CDC255D1FA200371D62 /* Landmarks.app */ = {isa = PBXFileReference; explicitFileType = wrapper.application; includeInIndex = 0; path = Landmarks.app; sourceTree = BUILT_PRODUCTS_DIR; };
		6E8F2CDF255D1FA200371D62 /* LandmarksApp.swift */ = {isa = PBXFileReference; lastKnownFileType = sourcecode.swift; path = LandmarksApp.swift; sourceTree = "<group>"; };
		6E8F2CE1255D1FA200371D62 /* LandmarkDetail.swift */ = {isa = PBXFileReference; lastKnownFileType = sourcecode.swift; path = LandmarkDetail.swift; sourceTree = "<group>"; };
		6E8F2CE3255D1FA400371D62 /* Assets.xcassets */ = {isa = PBXFileReference; lastKnownFileType = folder.assetcatalog; path = Assets.xcassets; sourceTree = "<group>"; };
		6E8F2CE6255D1FA400371D62 /* Preview Assets.xcassets */ = {isa = PBXFileReference; lastKnownFileType = folder.assetcatalog; path = "Preview Assets.xcassets"; sourceTree = "<group>"; };
		6E8F2CE8255D1FA400371D62 /* Info.plist */ = {isa = PBXFileReference; lastKnownFileType = text.plist.xml; path = Info.plist; sourceTree = "<group>"; };
		6E8F2CF6255D312000371D62 /* CircleImage.swift */ = {isa = PBXFileReference; lastKnownFileType = sourcecode.swift; path = CircleImage.swift; sourceTree = "<group>"; };
		6E8F2CF9255D313400371D62 /* MapView.swift */ = {isa = PBXFileReference; lastKnownFileType = sourcecode.swift; path = MapView.swift; sourceTree = "<group>"; };
/* End PBXFileReference section */

/* Begin PBXFrameworksBuildPhase section */
		6E8F2CD9255D1FA200371D62 /* Frameworks */ = {
			isa = PBXFrameworksBuildPhase;
			buildActionMask = 2147483647;
			files = (
			);
			runOnlyForDeploymentPostprocessing = 0;
		};
/* End PBXFrameworksBuildPhase section */

/* Begin PBXGroup section */
		6E7BDE77255D790400023C63 /* Models */ = {
			isa = PBXGroup;
			children = (
				6E329D90255F69FC00344AFC /* Data.swift */,
				6E7BDE72255D757700023C63 /* Landmark.swift */,
			);
			path = Models;
			sourceTree = "<group>";
		};
		6E7BDE78255D791500023C63 /* Supporting Views */ = {
			isa = PBXGroup;
			children = (
				6E8F2CF9255D313400371D62 /* MapView.swift */,
				6E8F2CF6255D312000371D62 /* CircleImage.swift */,
			);
			path = "Supporting Views";
			sourceTree = "<group>";
		};
		6E7BDE79255D795100023C63 /* Resources */ = {
			isa = PBXGroup;
			children = (
				6E329D73255F698C00344AFC /* chilkoottrail.jpg */,
				6E329D74255F698D00344AFC /* chincoteague.jpg */,
				6E329D6C255F698C00344AFC /* hiddenlake.jpg */,
				6E329D69255F698C00344AFC /* icybay.jpg */,
				6E329D71255F698C00344AFC /* lakemcdonald.jpg */,
				6E329D70255F698C00344AFC /* landmarkData.json */,
				6E329D6E255F698C00344AFC /* rainbowlake.jpg */,
				6E329D68255F698C00344AFC /* silversalmoncreek.jpg */,
				6E329D6F255F698C00344AFC /* stmarylake.jpg */,
				6E329D6D255F698C00344AFC /* turtlerock.jpg */,
				6E329D6B255F698C00344AFC /* twinlake.jpg */,
				6E329D6A255F698C00344AFC /* umbagog.jpg */,
				6E329D64255F696A00344AFC /* charleyrivers.jpg */,
			);
			path = Resources;
			sourceTree = "<group>";
		};
		6E8F2CD3255D1FA200371D62 = {
			isa = PBXGroup;
			children = (
				6E8F2CDE255D1FA200371D62 /* Landmarks */,
				6E8F2CDD255D1FA200371D62 /* Products */,
			);
			sourceTree = "<group>";
		};
		6E8F2CDD255D1FA200371D62 /* Products */ = {
			isa = PBXGroup;
			children = (
				6E8F2CDC255D1FA200371D62 /* Landmarks.app */,
			);
			name = Products;
			sourceTree = "<group>";
		};
		6E8F2CDE255D1FA200371D62 /* Landmarks */ = {
			isa = PBXGroup;
			children = (
				6E7BDE9C255D7D1100023C63 /* LaunchScreen.storyboard */,
				6E7BDE79255D795100023C63 /* Resources */,
				6E7BDE78255D791500023C63 /* Supporting Views */,
				6E7BDE77255D790400023C63 /* Models */,
				6E8F2CDF255D1FA200371D62 /* LandmarksApp.swift */,
				6E8F2CE1255D1FA200371D62 /* LandmarkDetail.swift */,
				6E8F2CE3255D1FA400371D62 /* Assets.xcassets */,
				6E8F2CE8255D1FA400371D62 /* Info.plist */,
				6E8F2CE5255D1FA400371D62 /* Preview Content */,
				6E7BDE96255D7AA600023C63 /* LandmarkRow.swift */,
				6E7BDEA0255D7EA100023C63 /* LandmarkList.swift */,
				6E7BDEA3255D8E8D00023C63 /* UserData.swift */,
			);
			path = Landmarks;
			sourceTree = "<group>";
		};
		6E8F2CE5255D1FA400371D62 /* Preview Content */ = {
			isa = PBXGroup;
			children = (
				6E8F2CE6255D1FA400371D62 /* Preview Assets.xcassets */,
			);
			path = "Preview Content";
			sourceTree = "<group>";
		};
/* End PBXGroup section */

/* Begin PBXNativeTarget section */
		6E8F2CDB255D1FA200371D62 /* Landmarks */ = {
			isa = PBXNativeTarget;
			buildConfigurationList = 6E8F2CEB255D1FA400371D62 /* Build configuration list for PBXNativeTarget "Landmarks" */;
			buildPhases = (
				6E8F2CD8255D1FA200371D62 /* Sources */,
				6E8F2CD9255D1FA200371D62 /* Frameworks */,
				6E8F2CDA255D1FA200371D62 /* Resources */,
			);
			buildRules = (
			);
			dependencies = (
			);
			name = Landmarks;
			productName = Landmarks;
			productReference = 6E8F2CDC255D1FA200371D62 /* Landmarks.app */;
			productType = "com.apple.product-type.application";
		};
/* End PBXNativeTarget section */

/* Begin PBXProject section */
		6E8F2CD4255D1FA200371D62 /* Project object */ = {
			isa = PBXProject;
			attributes = {
				LastSwiftUpdateCheck = 1210;
				LastUpgradeCheck = 1210;
				TargetAttributes = {
					6E8F2CDB255D1FA200371D62 = {
						CreatedOnToolsVersion = 12.1;
					};
				};
			};
			buildConfigurationList = 6E8F2CD7255D1FA200371D62 /* Build configuration list for PBXProject "Landmarks" */;
			compatibilityVersion = "Xcode 9.3";
			developmentRegion = en;
			hasScannedForEncodings = 0;
			knownRegions = (
				en,
				Base,
			);
			mainGroup = 6E8F2CD3255D1FA200371D62;
			productRefGroup = 6E8F2CDD255D1FA200371D62 /* Products */;
			projectDirPath = "";
			projectRoot = "";
			targets = (
				6E8F2CDB255D1FA200371D62 /* Landmarks */,
			);
		};
/* End PBXProject section */

/* Begin PBXResourcesBuildPhase section */
		6E8F2CDA255D1FA200371D62 /* Resources */ = {
			isa = PBXResourcesBuildPhase;
			buildActionMask = 2147483647;
			files = (
				6E8F2CE7255D1FA400371D62 /* Preview Assets.xcassets in Resources */,
				6E329D77255F698D00344AFC /* umbagog.jpg in Resources */,
				6E329D81255F698D00344AFC /* chincoteague.jpg in Resources */,
				6E329D78255F698D00344AFC /* twinlake.jpg in Resources */,
				6E329D80255F698D00344AFC /* chilkoottrail.jpg in Resources */,
				6E329D65255F696A00344AFC /* charleyrivers.jpg in Resources */,
				6E329D7A255F698D00344AFC /* turtlerock.jpg in Resources */,
				6E7BDE9E255D7D1100023C63 /* LaunchScreen.storyboard in Resources */,
				6E329D79255F698D00344AFC /* hiddenlake.jpg in Resources */,
				6E329D75255F698D00344AFC /* silversalmoncreek.jpg in Resources */,
				6E329D7E255F698D00344AFC /* lakemcdonald.jpg in Resources */,
				6E329D7B255F698D00344AFC /* rainbowlake.jpg in Resources */,
				6E329D7D255F698D00344AFC /* landmarkData.json in Resources */,
				6E329D7C255F698D00344AFC /* stmarylake.jpg in Resources */,
				6E329D76255F698D00344AFC /* icybay.jpg in Resources */,
				6E8F2CE4255D1FA400371D62 /* Assets.xcassets in Resources */,
			);
			runOnlyForDeploymentPostprocessing = 0;
		};
/* End PBXResourcesBuildPhase section */

/* Begin PBXSourcesBuildPhase section */
		6E8F2CD8255D1FA200371D62 /* Sources */ = {
			isa = PBXSourcesBuildPhase;
			buildActionMask = 2147483647;
			files = (
				6E329D91255F69FC00344AFC /* Data.swift in Sources */,
				6E8F2CE2255D1FA200371D62 /* LandmarkDetail.swift in Sources */,
				6E8F2CFA255D313400371D62 /* MapView.swift in Sources */,
				6E7BDEA4255D8E8D00023C63 /* UserData.swift in Sources */,
				6E7BDEA1255D7EA100023C63 /* LandmarkList.swift in Sources */,
				6E7BDE97255D7AA600023C63 /* LandmarkRow.swift in Sources */,
				6E8F2CE0255D1FA200371D62 /* LandmarksApp.swift in Sources */,
				6E8F2CF7255D312000371D62 /* CircleImage.swift in Sources */,
				6E7BDE73255D757700023C63 /* Landmark.swift in Sources */,
			);
			runOnlyForDeploymentPostprocessing = 0;
		};
/* End PBXSourcesBuildPhase section */

/* Begin PBXVariantGroup section */
		6E7BDE9C255D7D1100023C63 /* LaunchScreen.storyboard */ = {
			isa = PBXVariantGroup;
			children = (
				6E7BDE9D255D7D1100023C63 /* Base */,
			);
			name = LaunchScreen.storyboard;
			sourceTree = "<group>";
		};
/* End PBXVariantGroup section */

/* Begin XCBuildConfiguration section */
		6E8F2CE9255D1FA400371D62 /* Debug */ = {
			isa = XCBuildConfiguration;
			buildSettings = {
				ALWAYS_SEARCH_USER_PATHS = NO;
				CLANG_ANALYZER_NONNULL = YES;
				CLANG_ANALYZER_NUMBER_OBJECT_CONVERSION = YES_AGGRESSIVE;
				CLANG_CXX_LANGUAGE_STANDARD = "gnu++14";
				CLANG_CXX_LIBRARY = "libc++";
				CLANG_ENABLE_MODULES = YES;
				CLANG_ENABLE_OBJC_ARC = YES;
				CLANG_ENABLE_OBJC_WEAK = YES;
				CLANG_WARN_BLOCK_CAPTURE_AUTORELEASING = YES;
				CLANG_WARN_BOOL_CONVERSION = YES;
				CLANG_WARN_COMMA = YES;
				CLANG_WARN_CONSTANT_CONVERSION = YES;
				CLANG_WARN_DEPRECATED_OBJC_IMPLEMENTATIONS = YES;
				CLANG_WARN_DIRECT_OBJC_ISA_USAGE = YES_ERROR;
				CLANG_WARN_DOCUMENTATION_COMMENTS = YES;
				CLANG_WARN_EMPTY_BODY = YES;
				CLANG_WARN_ENUM_CONVERSION = YES;
				CLANG_WARN_INFINITE_RECURSION = YES;
				CLANG_WARN_INT_CONVERSION = YES;
				CLANG_WARN_NON_LITERAL_NULL_CONVERSION = YES;
				CLANG_WARN_OBJC_IMPLICIT_RETAIN_SELF = YES;
				CLANG_WARN_OBJC_LITERAL_CONVERSION = YES;
				CLANG_WARN_OBJC_ROOT_CLASS = YES_ERROR;
				CLANG_WARN_QUOTED_INCLUDE_IN_FRAMEWORK_HEADER = YES;
				CLANG_WARN_RANGE_LOOP_ANALYSIS = YES;
				CLANG_WARN_STRICT_PROTOTYPES = YES;
				CLANG_WARN_SUSPICIOUS_MOVE = YES;
				CLANG_WARN_UNGUARDED_AVAILABILITY = YES_AGGRESSIVE;
				CLANG_WARN_UNREACHABLE_CODE = YES;
				CLANG_WARN__DUPLICATE_METHOD_MATCH = YES;
				COPY_PHASE_STRIP = NO;
				DEBUG_INFORMATION_FORMAT = dwarf;
				ENABLE_STRICT_OBJC_MSGSEND = YES;
				ENABLE_TESTABILITY = YES;
				GCC_C_LANGUAGE_STANDARD = gnu11;
				GCC_DYNAMIC_NO_PIC = NO;
				GCC_NO_COMMON_BLOCKS = YES;
				GCC_OPTIMIZATION_LEVEL = 0;
				GCC_PREPROCESSOR_DEFINITIONS = (
					"DEBUG=1",
					"$(inherited)",
				);
				GCC_WARN_64_TO_32_BIT_CONVERSION = YES;
				GCC_WARN_ABOUT_RETURN_TYPE = YES_ERROR;
				GCC_WARN_UNDECLARED_SELECTOR = YES;
				GCC_WARN_UNINITIALIZED_AUTOS = YES_AGGRESSIVE;
				GCC_WARN_UNUSED_FUNCTION = YES;
				GCC_WARN_UNUSED_VARIABLE = YES;
				IPHONEOS_DEPLOYMENT_TARGET = 14.1;
				MTL_ENABLE_DEBUG_INFO = INCLUDE_SOURCE;
				MTL_FAST_MATH = YES;
				ONLY_ACTIVE_ARCH = YES;
				SDKROOT = iphoneos;
				SWIFT_ACTIVE_COMPILATION_CONDITIONS = DEBUG;
				SWIFT_OPTIMIZATION_LEVEL = "-Onone";
			};
			name = Debug;
		};
		6E8F2CEA255D1FA400371D62 /* Release */ = {
			isa = XCBuildConfiguration;
			buildSettings = {
				ALWAYS_SEARCH_USER_PATHS = NO;
				CLANG_ANALYZER_NONNULL = YES;
				CLANG_ANALYZER_NUMBER_OBJECT_CONVERSION = YES_AGGRESSIVE;
				CLANG_CXX_LANGUAGE_STANDARD = "gnu++14";
				CLANG_CXX_LIBRARY = "libc++";
				CLANG_ENABLE_MODULES = YES;
				CLANG_ENABLE_OBJC_ARC = YES;
				CLANG_ENABLE_OBJC_WEAK = YES;
				CLANG_WARN_BLOCK_CAPTURE_AUTORELEASING = YES;
				CLANG_WARN_BOOL_CONVERSION = YES;
				CLANG_WARN_COMMA = YES;
				CLANG_WARN_CONSTANT_CONVERSION = YES;
				CLANG_WARN_DEPRECATED_OBJC_IMPLEMENTATIONS = YES;
				CLANG_WARN_DIRECT_OBJC_ISA_USAGE = YES_ERROR;
				CLANG_WARN_DOCUMENTATION_COMMENTS = YES;
				CLANG_WARN_EMPTY_BODY = YES;
				CLANG_WARN_ENUM_CONVERSION = YES;
				CLANG_WARN_INFINITE_RECURSION = YES;
				CLANG_WARN_INT_CONVERSION = YES;
				CLANG_WARN_NON_LITERAL_NULL_CONVERSION = YES;
				CLANG_WARN_OBJC_IMPLICIT_RETAIN_SELF = YES;
				CLANG_WARN_OBJC_LITERAL_CONVERSION = YES;
				CLANG_WARN_OBJC_ROOT_CLASS = YES_ERROR;
				CLANG_WARN_QUOTED_INCLUDE_IN_FRAMEWORK_HEADER = YES;
				CLANG_WARN_RANGE_LOOP_ANALYSIS = YES;
				CLANG_WARN_STRICT_PROTOTYPES = YES;
				CLANG_WARN_SUSPICIOUS_MOVE = YES;
				CLANG_WARN_UNGUARDED_AVAILABILITY = YES_AGGRESSIVE;
				CLANG_WARN_UNREACHABLE_CODE = YES;
				CLANG_WARN__DUPLICATE_METHOD_MATCH = YES;
				COPY_PHASE_STRIP = NO;
				DEBUG_INFORMATION_FORMAT = "dwarf-with-dsym";
				ENABLE_NS_ASSERTIONS = NO;
				ENABLE_STRICT_OBJC_MSGSEND = YES;
				GCC_C_LANGUAGE_STANDARD = gnu11;
				GCC_NO_COMMON_BLOCKS = YES;
				GCC_WARN_64_TO_32_BIT_CONVERSION = YES;
				GCC_WARN_ABOUT_RETURN_TYPE = YES_ERROR;
				GCC_WARN_UNDECLARED_SELECTOR = YES;
				GCC_WARN_UNINITIALIZED_AUTOS = YES_AGGRESSIVE;
				GCC_WARN_UNUSED_FUNCTION = YES;
				GCC_WARN_UNUSED_VARIABLE = YES;
				IPHONEOS_DEPLOYMENT_TARGET = 14.1;
				MTL_ENABLE_DEBUG_INFO = NO;
				MTL_FAST_MATH = YES;
				SDKROOT = iphoneos;
				SWIFT_COMPILATION_MODE = wholemodule;
				SWIFT_OPTIMIZATION_LEVEL = "-O";
				VALIDATE_PRODUCT = YES;
			};
			name = Release;
		};
		6E8F2CEC255D1FA400371D62 /* Debug */ = {
			isa = XCBuildConfiguration;
			buildSettings = {
				ASSETCATALOG_COMPILER_APPICON_NAME = AppIcon;
				ASSETCATALOG_COMPILER_GLOBAL_ACCENT_COLOR_NAME = AccentColor;
				CODE_SIGN_STYLE = Automatic;
				DEVELOPMENT_ASSET_PATHS = "\"Landmarks/Preview Content\"";
				DEVELOPMENT_TEAM = 3PVLW9TQ28;
				ENABLE_PREVIEWS = YES;
				INFOPLIST_FILE = Landmarks/Info.plist;
				IPHONEOS_DEPLOYMENT_TARGET = 14.0;
				LD_RUNPATH_SEARCH_PATHS = (
					"$(inherited)",
					"@executable_path/Frameworks",
				);
				PRODUCT_BUNDLE_IDENTIFIER = com.karen.Landmarks;
				PRODUCT_NAME = "$(TARGET_NAME)";
				SWIFT_VERSION = 5.0;
				TARGETED_DEVICE_FAMILY = "1,2";
			};
			name = Debug;
		};
		6E8F2CED255D1FA400371D62 /* Release */ = {
			isa = XCBuildConfiguration;
			buildSettings = {
				ASSETCATALOG_COMPILER_APPICON_NAME = AppIcon;
				ASSETCATALOG_COMPILER_GLOBAL_ACCENT_COLOR_NAME = AccentColor;
				CODE_SIGN_STYLE = Automatic;
				DEVELOPMENT_ASSET_PATHS = "\"Landmarks/Preview Content\"";
				DEVELOPMENT_TEAM = 3PVLW9TQ28;
				ENABLE_PREVIEWS = YES;
				INFOPLIST_FILE = Landmarks/Info.plist;
				IPHONEOS_DEPLOYMENT_TARGET = 14.0;
				LD_RUNPATH_SEARCH_PATHS = (
					"$(inherited)",
					"@executable_path/Frameworks",
				);
				PRODUCT_BUNDLE_IDENTIFIER = com.karen.Landmarks;
				PRODUCT_NAME = "$(TARGET_NAME)";
				SWIFT_VERSION = 5.0;
				TARGETED_DEVICE_FAMILY = "1,2";
			};
			name = Release;
		};
/* End XCBuildConfiguration section */

/* Begin XCConfigurationList section */
		6E8F2CD7255D1FA200371D62 /* Build configuration list for PBXProject "Landmarks" */ = {
			isa = XCConfigurationList;
			buildConfigurations = (
				6E8F2CE9255D1FA400371D62 /* Debug */,
				6E8F2CEA255D1FA400371D62 /* Release */,
			);
			defaultConfigurationIsVisible = 0;
			defaultConfigurationName = Release;
		};
		6E8F2CEB255D1FA400371D62 /* Build configuration list for PBXNativeTarget "Landmarks" */ = {
			isa = XCConfigurationList;
			buildConfigurations = (
				6E8F2CEC255D1FA400371D62 /* Debug */,
				6E8F2CED255D1FA400371D62 /* Release */,
			);
			defaultConfigurationIsVisible = 0;
			defaultConfigurationName = Release;
		};
/* End XCConfigurationList section */
	};
	rootObject = 6E8F2CD4255D1FA200371D62 /* Project object */;
}
